{
  "name": "algolia",
  "version": "1.0.0",
  "lockfileVersion": 1,
  "requires": true,
  "dependencies": {
    "@algolia/cache-browser-local-storage": {
      "version": "4.9.3",
      "resolved": "https://registry.npmjs.org/@algolia/cache-browser-local-storage/-/cache-browser-local-storage-4.9.3.tgz",
      "integrity": "sha512-t9yKMfPNxxEUk/PPbZtXj0GCttDk1pk0wV2eA5udIOgf+Wqb/77yH75zz1u8EmCBGPe+FWXjSVT/wS1tlQz7SA==",
      "requires": {
        "@algolia/cache-common": "4.9.3"
      }
    },
    "@algolia/cache-common": {
      "version": "4.9.3",
      "resolved": "https://registry.npmjs.org/@algolia/cache-common/-/cache-common-4.9.3.tgz",
      "integrity": "sha512-4dvzz28ESs7lRHmpBIjlmRloD9oGeD90E2C0QWNQYuAYosSdXGwW7vw4vdGRdPoL32t6u6S+47Bk6Dhcbw2ftA=="
    },
    "@algolia/cache-in-memory": {
      "version": "4.9.3",
      "resolved": "https://registry.npmjs.org/@algolia/cache-in-memory/-/cache-in-memory-4.9.3.tgz",
      "integrity": "sha512-e1eRpP/Ht9qmLw5Sp674N6Y0c59K0L2LBI71EBOlq1j+kVc+JxVO03he5g+nQ7JOwLijyJPrkbm3RvXb5CX0sA==",
      "requires": {
        "@algolia/cache-common": "4.9.3"
      }
    },
    "@algolia/client-account": {
      "version": "4.9.3",
      "resolved": "https://registry.npmjs.org/@algolia/client-account/-/client-account-4.9.3.tgz",
      "integrity": "sha512-mSF0jiAo/tWKf/Z7mqhz6ETltrl+L+Zt2xuM3W5y1UOZvj47fn2ZcMRce8MQ+dd54t9iA8qIa+0XGlCSQf9lxA==",
      "requires": {
        "@algolia/client-common": "4.9.3",
        "@algolia/client-search": "4.9.3",
        "@algolia/transporter": "4.9.3"
      }
    },
    "@algolia/client-analytics": {
      "version": "4.9.3",
      "resolved": "https://registry.npmjs.org/@algolia/client-analytics/-/client-analytics-4.9.3.tgz",
      "integrity": "sha512-Z3EjegxsdTMRmOLoDBnCZJjdL3ZM4J/G7TMe2PIArdCJFWM4iDnO7/MvYasqpK0PPOCHRh0wS4yKG9rZOz6Vsw==",
      "requires": {
        "@algolia/client-common": "4.9.3",
        "@algolia/client-search": "4.9.3",
        "@algolia/requester-common": "4.9.3",
        "@algolia/transporter": "4.9.3"
      }
    },
    "@algolia/client-common": {
      "version": "4.9.3",
      "resolved": "https://registry.npmjs.org/@algolia/client-common/-/client-common-4.9.3.tgz",
      "integrity": "sha512-6GAfuNqMrBN3094H0DzvQyxJoKUkyQpEr5OiFhH8I3lihI1rTtjEUrNDTsVp6e9VsR2OCRpnL9EEDv2HcGe8cw==",
      "requires": {
        "@algolia/requester-common": "4.9.3",
        "@algolia/transporter": "4.9.3"
      }
    },
    "@algolia/client-recommendation": {
      "version": "4.9.3",
      "resolved": "https://registry.npmjs.org/@algolia/client-recommendation/-/client-recommendation-4.9.3.tgz",
      "integrity": "sha512-r+MNluwnUTr1tgHWQ5BPRw0A0YJZp9sXjSVxPCY3a+N6BgLaX4E02+FA8VrqVs8uR7mMQSLaJHoeCKnmNPrk9w==",
      "requires": {
        "@algolia/client-common": "4.9.3",
        "@algolia/requester-common": "4.9.3",
        "@algolia/transporter": "4.9.3"
      }
    },
    "@algolia/client-search": {
      "version": "4.9.3",
      "resolved": "https://registry.npmjs.org/@algolia/client-search/-/client-search-4.9.3.tgz",
      "integrity": "sha512-8C6woYf6bY4Fh9H9nKY5IDDeBPwQ3nZn9QMQdgUj9ffDU8UzPqSivtLER1A+I81p1j9h+aBADRifwzIYtSXOkA==",
      "requires": {
        "@algolia/client-common": "4.9.3",
        "@algolia/requester-common": "4.9.3",
        "@algolia/transporter": "4.9.3"
      }
    },
    "@algolia/logger-common": {
      "version": "4.9.3",
      "resolved": "https://registry.npmjs.org/@algolia/logger-common/-/logger-common-4.9.3.tgz",
      "integrity": "sha512-8hGQ5HQvjx2kr7GWOmpON1tcRX2+VHqVg4p+qJqCBsPFlXbAshUyRJkxuen20eem2EAA5Cmmo1fPy/jlqdMMHA=="
    },
    "@algolia/logger-console": {
      "version": "4.9.3",
      "resolved": "https://registry.npmjs.org/@algolia/logger-console/-/logger-console-4.9.3.tgz",
      "integrity": "sha512-7FGulrAjS/oCVRShKJw5qFuyHOZk/44jolEtNtXvO/tZRR8hPPiow16Vrd3ByRSIhghkC5zj6at4nQhoPK+KqA==",
      "requires": {
        "@algolia/logger-common": "4.9.3"
      }
    },
    "@algolia/requester-browser-xhr": {
      "version": "4.9.3",
      "resolved": "https://registry.npmjs.org/@algolia/requester-browser-xhr/-/requester-browser-xhr-4.9.3.tgz",
      "integrity": "sha512-hP4YgxcY1kol0d+joXpO4BJuXjgF+vy3eBPk8WCXvZucv8hl5Vqb4BLccDMck+sTqP4Tqglwh/KwVTQrpmi/wA==",
      "requires": {
        "@algolia/requester-common": "4.9.3"
      }
    },
    "@algolia/requester-common": {
      "version": "4.9.3",
      "resolved": "https://registry.npmjs.org/@algolia/requester-common/-/requester-common-4.9.3.tgz",
      "integrity": "sha512-AgUw1iA/JkanZC+dhkSLyeiVgBhaaM3bI20f3cokuuDdz4X6F+hzi0vEpUZrEuNfnMLbUg8gxq3Vcg1/L9+9MA=="
    },
    "@algolia/requester-node-http": {
      "version": "4.9.3",
      "resolved": "https://registry.npmjs.org/@algolia/requester-node-http/-/requester-node-http-4.9.3.tgz",
      "integrity": "sha512-+nz7rRnI9qNcdZjHpyAyvcDLAO9mGobqsAi0aicxMka/szU1HVUX6+pvSOiiOsD8ST3R13rJuufgHfWdDUysQg==",
      "requires": {
        "@algolia/requester-common": "4.9.3"
      }
    },
    "@algolia/transporter": {
      "version": "4.9.3",
      "resolved": "https://registry.npmjs.org/@algolia/transporter/-/transporter-4.9.3.tgz",
      "integrity": "sha512-oJ68VSSpmUyB9EByqoyx25wgcrO9fgXtjH+pOtKoKmCW+RfxHW5agltJoQ808N8uq/AvP5ugMkRLGL3xf4WdzQ==",
      "requires": {
        "@algolia/cache-common": "4.9.3",
        "@algolia/logger-common": "4.9.3",
        "@algolia/requester-common": "4.9.3"
      }
    },
    "algoliasearch": {
      "version": "4.9.3",
      "resolved": "https://registry.npmjs.org/algoliasearch/-/algoliasearch-4.9.3.tgz",
      "integrity": "sha512-VLl9pYXhVB397xTW369sy13qw3m1hHzCfj9zSdeDDYVwTxHiiok/QvhPKAMIzjqyUoY07O8j+941UxYZjugsMQ==",
      "requires": {
        "@algolia/cache-browser-local-storage": "4.9.3",
        "@algolia/cache-common": "4.9.3",
        "@algolia/cache-in-memory": "4.9.3",
        "@algolia/client-account": "4.9.3",
        "@algolia/client-analytics": "4.9.3",
        "@algolia/client-common": "4.9.3",
        "@algolia/client-recommendation": "4.9.3",
        "@algolia/client-search": "4.9.3",
        "@algolia/logger-common": "4.9.3",
        "@algolia/logger-console": "4.9.3",
        "@algolia/requester-browser-xhr": "4.9.3",
        "@algolia/requester-common": "4.9.3",
        "@algolia/requester-node-http": "4.9.3",
        "@algolia/transporter": "4.9.3"
      }
    }
  }
}
