{
  "name": "firebase",
  "version": "1.0.0",
  "lockfileVersion": 1,
  "requires": true,
  "dependencies": {
    "@algolia/cache-browser-local-storage": {
      "version": "4.9.3",
      "resolved": "https://registry.npmjs.org/@algolia/cache-browser-local-storage/-/cache-browser-local-storage-4.9.3.tgz",
      "integrity": "sha512-t9yKMfPNxxEUk/PPbZtXj0GCttDk1pk0wV2eA5udIOgf+Wqb/77yH75zz1u8EmCBGPe+FWXjSVT/wS1tlQz7SA==",
      "requires": {
        "@algolia/cache-common": "4.9.3"
      }
    },
    "@algolia/cache-common": {
      "version": "4.9.3",
      "resolved": "https://registry.npmjs.org/@algolia/cache-common/-/cache-common-4.9.3.tgz",
      "integrity": "sha512-4dvzz28ESs7lRHmpBIjlmRloD9oGeD90E2C0QWNQYuAYosSdXGwW7vw4vdGRdPoL32t6u6S+47Bk6Dhcbw2ftA=="
    },
    "@algolia/cache-in-memory": {
      "version": "4.9.3",
      "resolved": "https://registry.npmjs.org/@algolia/cache-in-memory/-/cache-in-memory-4.9.3.tgz",
      "integrity": "sha512-e1eRpP/Ht9qmLw5Sp674N6Y0c59K0L2LBI71EBOlq1j+kVc+JxVO03he5g+nQ7JOwLijyJPrkbm3RvXb5CX0sA==",
      "requires": {
        "@algolia/cache-common": "4.9.3"
      }
    },
    "@algolia/client-account": {
      "version": "4.9.3",
      "resolved": "https://registry.npmjs.org/@algolia/client-account/-/client-account-4.9.3.tgz",
      "integrity": "sha512-mSF0jiAo/tWKf/Z7mqhz6ETltrl+L+Zt2xuM3W5y1UOZvj47fn2ZcMRce8MQ+dd54t9iA8qIa+0XGlCSQf9lxA==",
      "requires": {
        "@algolia/client-common": "4.9.3",
        "@algolia/client-search": "4.9.3",
        "@algolia/transporter": "4.9.3"
      }
    },
    "@algolia/client-analytics": {
      "version": "4.9.3",
      "resolved": "https://registry.npmjs.org/@algolia/client-analytics/-/client-analytics-4.9.3.tgz",
      "integrity": "sha512-Z3EjegxsdTMRmOLoDBnCZJjdL3ZM4J/G7TMe2PIArdCJFWM4iDnO7/MvYasqpK0PPOCHRh0wS4yKG9rZOz6Vsw==",
      "requires": {
        "@algolia/client-common": "4.9.3",
        "@algolia/client-search": "4.9.3",
        "@algolia/requester-common": "4.9.3",
        "@algolia/transporter": "4.9.3"
      }
    },
    "@algolia/client-common": {
      "version": "4.9.3",
      "resolved": "https://registry.npmjs.org/@algolia/client-common/-/client-common-4.9.3.tgz",
      "integrity": "sha512-6GAfuNqMrBN3094H0DzvQyxJoKUkyQpEr5OiFhH8I3lihI1rTtjEUrNDTsVp6e9VsR2OCRpnL9EEDv2HcGe8cw==",
      "requires": {
        "@algolia/requester-common": "4.9.3",
        "@algolia/transporter": "4.9.3"
      }
    },
    "@algolia/client-recommendation": {
      "version": "4.9.3",
      "resolved": "https://registry.npmjs.org/@algolia/client-recommendation/-/client-recommendation-4.9.3.tgz",
      "integrity": "sha512-r+MNluwnUTr1tgHWQ5BPRw0A0YJZp9sXjSVxPCY3a+N6BgLaX4E02+FA8VrqVs8uR7mMQSLaJHoeCKnmNPrk9w==",
      "requires": {
        "@algolia/client-common": "4.9.3",
        "@algolia/requester-common": "4.9.3",
        "@algolia/transporter": "4.9.3"
      }
    },
    "@algolia/client-search": {
      "version": "4.9.3",
      "resolved": "https://registry.npmjs.org/@algolia/client-search/-/client-search-4.9.3.tgz",
      "integrity": "sha512-8C6woYf6bY4Fh9H9nKY5IDDeBPwQ3nZn9QMQdgUj9ffDU8UzPqSivtLER1A+I81p1j9h+aBADRifwzIYtSXOkA==",
      "requires": {
        "@algolia/client-common": "4.9.3",
        "@algolia/requester-common": "4.9.3",
        "@algolia/transporter": "4.9.3"
      }
    },
    "@algolia/logger-common": {
      "version": "4.9.3",
      "resolved": "https://registry.npmjs.org/@algolia/logger-common/-/logger-common-4.9.3.tgz",
      "integrity": "sha512-8hGQ5HQvjx2kr7GWOmpON1tcRX2+VHqVg4p+qJqCBsPFlXbAshUyRJkxuen20eem2EAA5Cmmo1fPy/jlqdMMHA=="
    },
    "@algolia/logger-console": {
      "version": "4.9.3",
      "resolved": "https://registry.npmjs.org/@algolia/logger-console/-/logger-console-4.9.3.tgz",
      "integrity": "sha512-7FGulrAjS/oCVRShKJw5qFuyHOZk/44jolEtNtXvO/tZRR8hPPiow16Vrd3ByRSIhghkC5zj6at4nQhoPK+KqA==",
      "requires": {
        "@algolia/logger-common": "4.9.3"
      }
    },
    "@algolia/requester-browser-xhr": {
      "version": "4.9.3",
      "resolved": "https://registry.npmjs.org/@algolia/requester-browser-xhr/-/requester-browser-xhr-4.9.3.tgz",
      "integrity": "sha512-hP4YgxcY1kol0d+joXpO4BJuXjgF+vy3eBPk8WCXvZucv8hl5Vqb4BLccDMck+sTqP4Tqglwh/KwVTQrpmi/wA==",
      "requires": {
        "@algolia/requester-common": "4.9.3"
      }
    },
    "@algolia/requester-common": {
      "version": "4.9.3",
      "resolved": "https://registry.npmjs.org/@algolia/requester-common/-/requester-common-4.9.3.tgz",
      "integrity": "sha512-AgUw1iA/JkanZC+dhkSLyeiVgBhaaM3bI20f3cokuuDdz4X6F+hzi0vEpUZrEuNfnMLbUg8gxq3Vcg1/L9+9MA=="
    },
    "@algolia/requester-node-http": {
      "version": "4.9.3",
      "resolved": "https://registry.npmjs.org/@algolia/requester-node-http/-/requester-node-http-4.9.3.tgz",
      "integrity": "sha512-+nz7rRnI9qNcdZjHpyAyvcDLAO9mGobqsAi0aicxMka/szU1HVUX6+pvSOiiOsD8ST3R13rJuufgHfWdDUysQg==",
      "requires": {
        "@algolia/requester-common": "4.9.3"
      }
    },
    "@algolia/transporter": {
      "version": "4.9.3",
      "resolved": "https://registry.npmjs.org/@algolia/transporter/-/transporter-4.9.3.tgz",
      "integrity": "sha512-oJ68VSSpmUyB9EByqoyx25wgcrO9fgXtjH+pOtKoKmCW+RfxHW5agltJoQ808N8uq/AvP5ugMkRLGL3xf4WdzQ==",
      "requires": {
        "@algolia/cache-common": "4.9.3",
        "@algolia/logger-common": "4.9.3",
        "@algolia/requester-common": "4.9.3"
      }
    },
    "@types/googlemaps": {
      "version": "3.43.3",
      "resolved": "https://registry.npmjs.org/@types/googlemaps/-/googlemaps-3.43.3.tgz",
      "integrity": "sha512-ZWNoz/O8MPEpiajvj7QiqCY8tTLFNqNZ/a+s+zTV58wFVNAvvqV4bdGfnsjTb5Cs4V6wEsLrX8XRhmnyYJ2Tdg=="
    },
    "@types/hogan.js": {
      "version": "3.0.0",
      "resolved": "https://registry.npmjs.org/@types/hogan.js/-/hogan.js-3.0.0.tgz",
      "integrity": "sha512-djkvb/AN43c3lIGCojNQ1FBS9VqqKhcTns5RQnHw4xBT/csy0jAssAsOiJ8NfaaioZaeKYE7XkVRxE5NeSZcaA=="
    },
    "abbrev": {
      "version": "1.1.1",
      "resolved": "https://registry.npmjs.org/abbrev/-/abbrev-1.1.1.tgz",
      "integrity": "sha512-nne9/IiQ/hzIhY6pdDnbBtz7DjPTKrY00P/zvPSm5pOFkl6xuGrGnXn/VtTNNfNtAfZ9/1RtehkszU9qcTii0Q=="
    },
    "algoliasearch": {
      "version": "4.9.3",
      "resolved": "https://registry.npmjs.org/algoliasearch/-/algoliasearch-4.9.3.tgz",
      "integrity": "sha512-VLl9pYXhVB397xTW369sy13qw3m1hHzCfj9zSdeDDYVwTxHiiok/QvhPKAMIzjqyUoY07O8j+941UxYZjugsMQ==",
      "requires": {
        "@algolia/cache-browser-local-storage": "4.9.3",
        "@algolia/cache-common": "4.9.3",
        "@algolia/cache-in-memory": "4.9.3",
        "@algolia/client-account": "4.9.3",
        "@algolia/client-analytics": "4.9.3",
        "@algolia/client-common": "4.9.3",
        "@algolia/client-recommendation": "4.9.3",
        "@algolia/client-search": "4.9.3",
        "@algolia/logger-common": "4.9.3",
        "@algolia/logger-console": "4.9.3",
        "@algolia/requester-browser-xhr": "4.9.3",
        "@algolia/requester-common": "4.9.3",
        "@algolia/requester-node-http": "4.9.3",
        "@algolia/transporter": "4.9.3"
      }
    },
    "algoliasearch-helper": {
      "version": "3.5.3",
      "resolved": "https://registry.npmjs.org/algoliasearch-helper/-/algoliasearch-helper-3.5.3.tgz",
      "integrity": "sha512-DtSlOKAJ6TGkQD6u58g6/ABdMmHf3pAj6xVL5hJF+D4z9ldDRf/f5v6puNIxGOlJRwGVvFGyz34beYNqhLDUbQ==",
      "requires": {
        "events": "^1.1.1"
      }
    },
    "call-bind": {
      "version": "1.0.2",
      "resolved": "https://registry.npmjs.org/call-bind/-/call-bind-1.0.2.tgz",
      "integrity": "sha512-7O+FbCihrB5WGbFYesctwmTKae6rOiIzmz1icreWJ+0aA7LJfuqhEso2T9ncpcFtzMQtzXf2QGGueWJGTYsqrA==",
      "requires": {
        "function-bind": "^1.1.1",
        "get-intrinsic": "^1.0.2"
      }
    },
    "classnames": {
      "version": "2.3.1",
      "resolved": "https://registry.npmjs.org/classnames/-/classnames-2.3.1.tgz",
      "integrity": "sha512-OlQdbZ7gLfGarSqxesMesDa5uz7KFbID8Kpq/SxIoNGDqY8lSYs0D+hhtBXhcdB3rcbXArFr7vlHheLk1voeNA=="
    },
    "events": {
      "version": "1.1.1",
      "resolved": "https://registry.npmjs.org/events/-/events-1.1.1.tgz",
      "integrity": "sha1-nr23Y1rQmccNzEwqH1AEKI6L2SQ="
    },
    "function-bind": {
      "version": "1.1.1",
      "resolved": "https://registry.npmjs.org/function-bind/-/function-bind-1.1.1.tgz",
      "integrity": "sha512-yIovAzMX49sF8Yl58fSCWJ5svSLuaibPxXQJFLmBObTuCr0Mf1KiPopGM9NiFjiYBCbfaa2Fh6breQ6ANVTI0A=="
    },
    "get-intrinsic": {
      "version": "1.1.1",
      "resolved": "https://registry.npmjs.org/get-intrinsic/-/get-intrinsic-1.1.1.tgz",
      "integrity": "sha512-kWZrnVM42QCiEA2Ig1bG8zjoIMOgxWwYCEeNdwY6Tv/cOSeGpcoX4pXHfKUxNKVoArnrEr2e9srnAxxGIraS9Q==",
      "requires": {
        "function-bind": "^1.1.1",
        "has": "^1.0.3",
        "has-symbols": "^1.0.1"
      }
    },
    "has": {
      "version": "1.0.3",
      "resolved": "https://registry.npmjs.org/has/-/has-1.0.3.tgz",
      "integrity": "sha512-f2dvO0VU6Oej7RkWJGrehjbzMAjFp5/VKPp5tTpWIV4JHHZK1/BxbFRtf/siA2SWTe09caDmVtYYzWEIbBS4zw==",
      "requires": {
        "function-bind": "^1.1.1"
      }
    },
    "has-symbols": {
      "version": "1.0.2",
      "resolved": "https://registry.npmjs.org/has-symbols/-/has-symbols-1.0.2.tgz",
      "integrity": "sha512-chXa79rL/UC2KlX17jo3vRGz0azaWEx5tGqZg5pO3NUyEJVB17dMruQlzCCOfUvElghKcm5194+BCRvi2Rv/Gw=="
    },
    "hogan.js": {
      "version": "3.0.2",
      "resolved": "https://registry.npmjs.org/hogan.js/-/hogan.js-3.0.2.tgz",
      "integrity": "sha1-TNnhq9QpQUbnZ55B14mHMrAse/0=",
      "requires": {
        "mkdirp": "0.3.0",
        "nopt": "1.0.10"
      }
    },
    "instantsearch.js": {
      "version": "4.24.0",
      "resolved": "https://registry.npmjs.org/instantsearch.js/-/instantsearch.js-4.24.0.tgz",
      "integrity": "sha512-iJ0ieGPPQDxSuobo+TuF2ktSnWAoXBpIP/kQ7HwAiFzLGXCemwOOLN85Z4d7+XbIxUJ+jwN0HQt4WMRO8wQHww==",
      "requires": {
        "@types/googlemaps": "^3.39.6",
        "@types/hogan.js": "^3.0.0",
        "algoliasearch-helper": "^3.4.5",
        "classnames": "^2.2.5",
        "events": "^1.1.0",
        "hogan.js": "^3.0.2",
        "preact": "^10.0.0",
        "prop-types": "^15.5.10",
        "qs": "^6.5.1"
      }
    },
    "js-tokens": {
      "version": "4.0.0",
      "resolved": "https://registry.npmjs.org/js-tokens/-/js-tokens-4.0.0.tgz",
      "integrity": "sha512-RdJUflcE3cUzKiMqQgsCu06FPu9UdIJO0beYbPhHN4k6apgJtifcoCtT9bcxOpYBtpD2kCM6Sbzg4CausW/PKQ=="
    },
    "loose-envify": {
      "version": "1.4.0",
      "resolved": "https://registry.npmjs.org/loose-envify/-/loose-envify-1.4.0.tgz",
      "integrity": "sha512-lyuxPGr/Wfhrlem2CL/UcnUc1zcqKAImBDzukY7Y5F/yQiNdko6+fRLevlw1HgMySw7f611UIY408EtxRSoK3Q==",
      "requires": {
        "js-tokens": "^3.0.0 || ^4.0.0"
      }
    },
    "mkdirp": {
      "version": "0.3.0",
      "resolved": "https://registry.npmjs.org/mkdirp/-/mkdirp-0.3.0.tgz",
      "integrity": "sha1-G79asbqCevI1dRQ0kEJkVfSB/h4="
    },
    "nopt": {
      "version": "1.0.10",
      "resolved": "https://registry.npmjs.org/nopt/-/nopt-1.0.10.tgz",
      "integrity": "sha1-bd0hvSoxQXuScn3Vhfim83YI6+4=",
      "requires": {
        "abbrev": "1"
      }
    },
    "object-assign": {
      "version": "4.1.1",
      "resolved": "https://registry.npmjs.org/object-assign/-/object-assign-4.1.1.tgz",
      "integrity": "sha1-IQmtx5ZYh8/AXLvUQsrIv7s2CGM="
    },
    "object-inspect": {
      "version": "1.10.3",
      "resolved": "https://registry.npmjs.org/object-inspect/-/object-inspect-1.10.3.tgz",
      "integrity": "sha512-e5mCJlSH7poANfC8z8S9s9S2IN5/4Zb3aZ33f5s8YqoazCFzNLloLU8r5VCG+G7WoqLvAAZoVMcy3tp/3X0Plw=="
    },
    "preact": {
      "version": "10.5.13",
      "resolved": "https://registry.npmjs.org/preact/-/preact-10.5.13.tgz",
      "integrity": "sha512-q/vlKIGNwzTLu+jCcvywgGrt+H/1P/oIRSD6mV4ln3hmlC+Aa34C7yfPI4+5bzW8pONyVXYS7SvXosy2dKKtWQ=="
    },
    "prop-types": {
      "version": "15.7.2",
      "resolved": "https://registry.npmjs.org/prop-types/-/prop-types-15.7.2.tgz",
      "integrity": "sha512-8QQikdH7//R2vurIJSutZ1smHYTcLpRWEOlHnzcWHmBYrOGUysKwSsrC89BCiFj3CbrfJ/nXFdJepOVrY1GCHQ==",
      "requires": {
        "loose-envify": "^1.4.0",
        "object-assign": "^4.1.1",
        "react-is": "^16.8.1"
      }
    },
    "qs": {
      "version": "6.10.1",
      "resolved": "https://registry.npmjs.org/qs/-/qs-6.10.1.tgz",
      "integrity": "sha512-M528Hph6wsSVOBiYUnGf+K/7w0hNshs/duGsNXPUCLH5XAqjEtiPGwNONLV0tBH8NoGb0mvD5JubnUTrujKDTg==",
      "requires": {
        "side-channel": "^1.0.4"
      }
    },
    "react-is": {
      "version": "16.13.1",
      "resolved": "https://registry.npmjs.org/react-is/-/react-is-16.13.1.tgz",
      "integrity": "sha512-24e6ynE2H+OKt4kqsOvNd8kBpV65zoxbA4BVsEOB3ARVWQki/DHzaUoC5KuON/BiccDaCCTZBuOcfZs70kR8bQ=="
    },
    "side-channel": {
      "version": "1.0.4",
      "resolved": "https://registry.npmjs.org/side-channel/-/side-channel-1.0.4.tgz",
      "integrity": "sha512-q5XPytqFEIKHkGdiMIrY10mvLRvnQh42/+GoBlFW3b2LXLE2xxJpZFdm94we0BaoV3RwJyGqg5wS7epxTv0Zvw==",
      "requires": {
        "call-bind": "^1.0.0",
        "get-intrinsic": "^1.0.2",
        "object-inspect": "^1.9.0"
      }
    },
    "vue-instantsearch": {
      "version": "3.7.0",
      "resolved": "https://registry.npmjs.org/vue-instantsearch/-/vue-instantsearch-3.7.0.tgz",
      "integrity": "sha512-ilXOXnZbllZOFpJ+hP9rISbnT7PZW8CfW35OGaB5zeAANjnZpFNIdRRUpFoEKtU8fsRqYcYMMJILC7OD5xSJcg==",
      "requires": {
        "algoliasearch-helper": "^3.1.0",
        "instantsearch.js": "^4.20.0"
      }
    }
  }
}
